
Microsoft Visual Studio Solution File, Format Version 12.00
# Visual Studio 15
VisualStudioVersion = 15.0.28307.489
MinimumVisualStudioVersion = 10.0.40219.1
Project("{FAE04EC0-301F-11D3-BF4B-00C04F79EFBC}") = "LondonTower", "LondonTower\LondonTower.csproj", "{679C6AB5-E9CF-49D6-9E5A-F8C1DA232493}"
EndProject
Project("{FAE04EC0-301F-11D3-BF4B-00C04F79EFBC}") = "LondonTowerLibrary", "LondonTowerLibrary\LondonTowerLibrary.csproj", "{0867F03E-C3CD-48AE-A658-B28A0D9276DF}"
EndProject
Project("{FAE04EC0-301F-11D3-BF4B-00C04F79EFBC}") = "LondonTowerSetting", "LondonTowerSetting\LondonTowerSetting.csproj", "{C599007A-936B-4EE4-8108-8D3D6318B15B}"
EndProject
Global
	GlobalSection(SolutionConfigurationPlatforms) = preSolution
		Debug|Any CPU = Debug|Any CPU
		Release|Any CPU = Release|Any CPU
	EndGlobalSection
	GlobalSection(ProjectConfigurationPlatforms) = postSolution
		{679C6AB5-E9CF-49D6-9E5A-F8C1DA232493}.Debug|Any CPU.ActiveCfg = Debug|Any CPU
		{679C6AB5-E9CF-49D6-9E5A-F8C1DA232493}.Debug|Any CPU.Build.0 = Debug|Any CPU
		{679C6AB5-E9CF-49D6-9E5A-F8C1DA232493}.Release|Any CPU.ActiveCfg = Release|Any CPU
		{679C6AB5-E9CF-49D6-9E5A-F8C1DA232493}.Release|Any CPU.Build.0 = Release|Any CPU
		{0867F03E-C3CD-48AE-A658-B28A0D9276DF}.Debug|Any CPU.ActiveCfg = Debug|Any CPU
		{0867F03E-C3CD-48AE-A658-B28A0D9276DF}.Debug|Any CPU.Build.0 = Debug|Any CPU
		{0867F03E-C3CD-48AE-A658-B28A0D9276DF}.Release|Any CPU.ActiveCfg = Release|Any CPU
		{0867F03E-C3CD-48AE-A658-B28A0D9276DF}.Release|Any CPU.Build.0 = Release|Any CPU
		{C599007A-936B-4EE4-8108-8D3D6318B15B}.Debug|Any CPU.ActiveCfg = Debug|Any CPU
		{C599007A-936B-4EE4-8108-8D3D6318B15B}.Debug|Any CPU.Build.0 = Debug|Any CPU
		{C599007A-936B-4EE4-8108-8D3D6318B15B}.Release|Any CPU.ActiveCfg = Release|Any CPU
		{C599007A-936B-4EE4-8108-8D3D6318B15B}.Release|Any CPU.Build.0 = Release|Any CPU
	EndGlobalSection
	GlobalSection(SolutionProperties) = preSolution
		HideSolutionNode = FALSE
	EndGlobalSection
	GlobalSection(ExtensibilityGlobals) = postSolution
		SolutionGuid = {3D9E56A6-0E1A-48A8-A943-6ABBD2A127E1}
	EndGlobalSection
EndGlobal
